// !$*UTF8*$!
{
	archiveVersion = 1;
	classes = {
	};
	objectVersion = 46;
	objects = {

/* Begin PBXBuildFile section */
		09261F6F1EC0B1F5008B40F0 /* AppDelegate.swift in Sources */ = {isa = PBXBuildFile; fileRef = 09261F6E1EC0B1F5008B40F0 /* AppDelegate.swift */; };
		09261F711EC0B1F5008B40F0 /* ViewController.swift in Sources */ = {isa = PBXBuildFile; fileRef = 09261F701EC0B1F5008B40F0 /* ViewController.swift */; };
		09261F741EC0B1F5008B40F0 /* Main.storyboard in Resources */ = {isa = PBXBuildFile; fileRef = 09261F721EC0B1F5008B40F0 /* Main.storyboard */; };
		09261F761EC0B1F5008B40F0 /* Assets.xcassets in Resources */ = {isa = PBXBuildFile; fileRef = 09261F751EC0B1F5008B40F0 /* Assets.xcassets */; };
		09261F791EC0B1F5008B40F0 /* LaunchScreen.storyboard in Resources */ = {isa = PBXBuildFile; fileRef = 09261F771EC0B1F5008B40F0 /* LaunchScreen.storyboard */; };
		09261F841EC0B1F5008B40F0 /* SwiftyKnobTests.swift in Sources */ = {isa = PBXBuildFile; fileRef = 09261F831EC0B1F5008B40F0 /* SwiftyKnobTests.swift */; };
/* End PBXBuildFile section */

/* Begin PBXContainerItemProxy section */
		09261F801EC0B1F5008B40F0 /* PBXContainerItemProxy */ = {
			isa = PBXContainerItemProxy;
			containerPortal = 09261F631EC0B1F5008B40F0 /* Project object */;
			proxyType = 1;
			remoteGlobalIDString = 09261F6A1EC0B1F5008B40F0;
			remoteInfo = SwiftyKnob;
		};
/* End PBXContainerItemProxy section */

/* Begin PBXFileReference section */
		09261F6B1EC0B1F5008B40F0 /* SwiftyKnob.app */ = {isa = PBXFileReference; explicitFileType = wrapper.application; includeInIndex = 0; path = SwiftyKnob.app; sourceTree = BUILT_PRODUCTS_DIR; };
		09261F6E1EC0B1F5008B40F0 /* AppDelegate.swift */ = {isa = PBXFileReference; lastKnownFileType = sourcecode.swift; path = AppDelegate.swift; sourceTree = "<group>"; };
		09261F701EC0B1F5008B40F0 /* ViewController.swift */ = {isa = PBXFileReference; lastKnownFileType = sourcecode.swift; path = ViewController.swift; sourceTree = "<group>"; };
		09261F731EC0B1F5008B40F0 /* Base */ = {isa = PBXFileReference; lastKnownFileType = file.storyboard; name = Base; path = Base.lproj/Main.storyboard; sourceTree = "<group>"; };
		09261F751EC0B1F5008B40F0 /* Assets.xcassets */ = {isa = PBXFileReference; lastKnownFileType = folder.assetcatalog; path = Assets.xcassets; sourceTree = "<group>"; };
		09261F781EC0B1F5008B40F0 /* Base */ = {isa = PBXFileReference; lastKnownFileType = file.storyboard; name = Base; path = Base.lproj/LaunchScreen.storyboard; sourceTree = "<group>"; };
		09261F7A1EC0B1F5008B40F0 /* Info.plist */ = {isa = PBXFileReference; lastKnownFileType = text.plist.xml; path = Info.plist; sourceTree = "<group>"; };
		09261F7F1EC0B1F5008B40F0 /* SwiftyKnobTests.xctest */ = {isa = PBXFileReference; explicitFileType = wrapper.cfbundle; includeInIndex = 0; path = SwiftyKnobTests.xctest; sourceTree = BUILT_PRODUCTS_DIR; };
		09261F831EC0B1F5008B40F0 /* SwiftyKnobTests.swift */ = {isa = PBXFileReference; lastKnownFileType = sourcecode.swift; path = SwiftyKnobTests.swift; sourceTree = "<group>"; };
		09261F851EC0B1F5008B40F0 /* Info.plist */ = {isa = PBXFileReference; lastKnownFileType = text.plist.xml; path = Info.plist; sourceTree = "<group>"; };
/* End PBXFileReference section */

/* Begin PBXFrameworksBuildPhase section */
		09261F681EC0B1F5008B40F0 /* Frameworks */ = {
			isa = PBXFrameworksBuildPhase;
			buildActionMask = 2147483647;
			files = (
			);
			runOnlyForDeploymentPostprocessing = 0;
		};
		09261F7C1EC0B1F5008B40F0 /* Frameworks */ = {
			isa = PBXFrameworksBuildPhase;
			buildActionMask = 2147483647;
			files = (
			);
			runOnlyForDeploymentPostprocessing = 0;
		};
/* End PBXFrameworksBuildPhase section */

/* Begin PBXGroup section */
		09261F621EC0B1F5008B40F0 = {
			isa = PBXGroup;
			children = (
				09261F6D1EC0B1F5008B40F0 /* SwiftyKnob */,
				09261F821EC0B1F5008B40F0 /* SwiftyKnobTests */,
				09261F6C1EC0B1F5008B40F0 /* Products */,
			);
			sourceTree = "<group>";
		};
		09261F6C1EC0B1F5008B40F0 /* Products */ = {
			isa = PBXGroup;
			children = (
				09261F6B1EC0B1F5008B40F0 /* SwiftyKnob.app */,
				09261F7F1EC0B1F5008B40F0 /* SwiftyKnobTests.xctest */,
			);
			name = Products;
			sourceTree = "<group>";
		};
		09261F6D1EC0B1F5008B40F0 /* SwiftyKnob */ = {
			isa = PBXGroup;
			children = (
				09261F6E1EC0B1F5008B40F0 /* AppDelegate.swift */,
				09261F701EC0B1F5008B40F0 /* ViewController.swift */,
				09261F721EC0B1F5008B40F0 /* Main.storyboard */,
				09261F751EC0B1F5008B40F0 /* Assets.xcassets */,
				09261F771EC0B1F5008B40F0 /* LaunchScreen.storyboard */,
				09261F7A1EC0B1F5008B40F0 /* Info.plist */,
			);
			path = SwiftyKnob;
			sourceTree = "<group>";
		};
		09261F821EC0B1F5008B40F0 /* SwiftyKnobTests */ = {
			isa = PBXGroup;
			children = (
				09261F831EC0B1F5008B40F0 /* SwiftyKnobTests.swift */,
				09261F851EC0B1F5008B40F0 /* Info.plist */,
			);
			path = SwiftyKnobTests;
			sourceTree = "<group>";
		};
/* End PBXGroup section */

/* Begin PBXNativeTarget section */
		09261F6A1EC0B1F5008B40F0 /* SwiftyKnob */ = {
			isa = PBXNativeTarget;
			buildConfigurationList = 09261F881EC0B1F5008B40F0 /* Build configuration list for PBXNativeTarget "SwiftyKnob" */;
			buildPhases = (
				09261F671EC0B1F5008B40F0 /* Sources */,
				09261F681EC0B1F5008B40F0 /* Frameworks */,
				09261F691EC0B1F5008B40F0 /* Resources */,
			);
			buildRules = (
			);
			dependencies = (
			);
			name = SwiftyKnob;
			productName = SwiftyKnob;
			productReference = 09261F6B1EC0B1F5008B40F0 /* SwiftyKnob.app */;
			productType = "com.apple.product-type.application";
		};
		09261F7E1EC0B1F5008B40F0 /* SwiftyKnobTests */ = {
			isa = PBXNativeTarget;
			buildConfigurationList = 09261F8B1EC0B1F5008B40F0 /* Build configuration list for PBXNativeTarget "SwiftyKnobTests" */;
			buildPhases = (
				09261F7B1EC0B1F5008B40F0 /* Sources */,
				09261F7C1EC0B1F5008B40F0 /* Frameworks */,
				09261F7D1EC0B1F5008B40F0 /* Resources */,
			);
			buildRules = (
			);
			dependencies = (
				09261F811EC0B1F5008B40F0 /* PBXTargetDependency */,
			);
			name = SwiftyKnobTests;
			productName = SwiftyKnobTests;
			productReference = 09261F7F1EC0B1F5008B40F0 /* SwiftyKnobTests.xctest */;
			productType = "com.apple.product-type.bundle.unit-test";
		};
/* End PBXNativeTarget section */

/* Begin PBXProject section */
		09261F631EC0B1F5008B40F0 /* Project object */ = {
			isa = PBXProject;
			attributes = {
				LastSwiftUpdateCheck = 0830;
				LastUpgradeCheck = 0830;
				ORGANIZATIONNAME = "Jevin Sew";
				TargetAttributes = {
					09261F6A1EC0B1F5008B40F0 = {
						CreatedOnToolsVersion = 8.3.2;
						DevelopmentTeam = X5KPFJE44G;
						ProvisioningStyle = Automatic;
					};
					09261F7E1EC0B1F5008B40F0 = {
						CreatedOnToolsVersion = 8.3.2;
						DevelopmentTeam = X5KPFJE44G;
						ProvisioningStyle = Automatic;
						TestTargetID = 09261F6A1EC0B1F5008B40F0;
					};
				};
			};
			buildConfigurationList = 09261F661EC0B1F5008B40F0 /* Build configuration list for PBXProject "SwiftyKnob" */;
			compatibilityVersion = "Xcode 3.2";
			developmentRegion = English;
			hasScannedForEncodings = 0;
			knownRegions = (
				en,
				Base,
			);
			mainGroup = 09261F621EC0B1F5008B40F0;
			productRefGroup = 09261F6C1EC0B1F5008B40F0 /* Products */;
			projectDirPath = "";
			projectRoot = "";
			targets = (
				09261F6A1EC0B1F5008B40F0 /* SwiftyKnob */,
				09261F7E1EC0B1F5008B40F0 /* SwiftyKnobTests */,
			);
		};
/* End PBXProject section */

/* Begin PBXResourcesBuildPhase section */
		09261F691EC0B1F5008B40F0 /* Resources */ = {
			isa = PBXResourcesBuildPhase;
			buildActionMask = 2147483647;
			files = (
				09261F791EC0B1F5008B40F0 /* LaunchScreen.storyboard in Resources */,
				09261F761EC0B1F5008B40F0 /* Assets.xcassets in Resources */,
				09261F741EC0B1F5008B40F0 /* Main.storyboard in Resources */,
			);
			runOnlyForDeploymentPostprocessing = 0;
		};
		09261F7D1EC0B1F5008B40F0 /* Resources */ = {
			isa = PBXResourcesBuildPhase;
			buildActionMask = 2147483647;
			files = (
			);
			runOnlyForDeploymentPostprocessing = 0;
		};
/* End PBXResourcesBuildPhase section */

/* Begin PBXSourcesBuildPhase section */
		09261F671EC0B1F5008B40F0 /* Sources */ = {
			isa = PBXSourcesBuildPhase;
			buildActionMask = 2147483647;
			files = (
				09261F711EC0B1F5008B40F0 /* ViewController.swift in Sources */,
				09261F6F1EC0B1F5008B40F0 /* AppDelegate.swift in Sources */,
			);
			runOnlyForDeploymentPostprocessing = 0;
		};
		09261F7B1EC0B1F5008B40F0 /* Sources */ = {
			isa = PBXSourcesBuildPhase;
			buildActionMask = 2147483647;
			files = (
				09261F841EC0B1F5008B40F0 /* SwiftyKnobTests.swift in Sources */,
			);
			runOnlyForDeploymentPostprocessing = 0;
		};
/* End PBXSourcesBuildPhase section */

/* Begin PBXTargetDependency section */
		09261F811EC0B1F5008B40F0 /* PBXTargetDependency */ = {
			isa = PBXTargetDependency;
			target = 09261F6A1EC0B1F5008B40F0 /* SwiftyKnob */;
			targetProxy = 09261F801EC0B1F5008B40F0 /* PBXContainerItemProxy */;
		};
/* End PBXTargetDependency section */

/* Begin PBXVariantGroup section */
		09261F721EC0B1F5008B40F0 /* Main.storyboard */ = {
			isa = PBXVariantGroup;
			children = (
				09261F731EC0B1F5008B40F0 /* Base */,
			);
			name = Main.storyboard;
			sourceTree = "<group>";
		};
		09261F771EC0B1F5008B40F0 /* LaunchScreen.storyboard */ = {
			isa = PBXVariantGroup;
			children = (
				09261F781EC0B1F5008B40F0 /* Base */,
			);
			name = LaunchScreen.storyboard;
			sourceTree = "<group>";
		};
/* End PBXVariantGroup section */

/* Begin XCBuildConfiguration section */
		09261F861EC0B1F5008B40F0 /* Debug */ = {
			isa = XCBuildConfiguration;
			buildSettings = {
				ALWAYS_SEARCH_USER_PATHS = NO;
				CLANG_ANALYZER_NONNULL = YES;
				CLANG_ANALYZER_NUMBER_OBJECT_CONVERSION = YES_AGGRESSIVE;
				CLANG_CXX_LANGUAGE_STANDARD = "gnu++0x";
				CLANG_CXX_LIBRARY = "libc++";
				CLANG_ENABLE_MODULES = YES;
				CLANG_ENABLE_OBJC_ARC = YES;
				CLANG_WARN_BOOL_CONVERSION = YES;
				CLANG_WARN_CONSTANT_CONVERSION = YES;
				CLANG_WARN_DIRECT_OBJC_ISA_USAGE = YES_ERROR;
				CLANG_WARN_DOCUMENTATION_COMMENTS = YES;
				CLANG_WARN_EMPTY_BODY = YES;
				CLANG_WARN_ENUM_CONVERSION = YES;
				CLANG_WARN_INFINITE_RECURSION = YES;
				CLANG_WARN_INT_CONVERSION = YES;
				CLANG_WARN_OBJC_ROOT_CLASS = YES_ERROR;
				CLANG_WARN_SUSPICIOUS_MOVE = YES;
				CLANG_WARN_UNREACHABLE_CODE = YES;
				CLANG_WARN__DUPLICATE_METHOD_MATCH = YES;
				"CODE_SIGN_IDENTITY[sdk=iphoneos*]" = "iPhone Developer";
				COPY_PHASE_STRIP = NO;
				DEBUG_INFORMATION_FORMAT = dwarf;
				ENABLE_STRICT_OBJC_MSGSEND = YES;
				ENABLE_TESTABILITY = YES;
				GCC_C_LANGUAGE_STANDARD = gnu99;
				GCC_DYNAMIC_NO_PIC = NO;
				GCC_NO_COMMON_BLOCKS = YES;
				GCC_OPTIMIZATION_LEVEL = 0;
				GCC_PREPROCESSOR_DEFINITIONS = (
					"DEBUG=1",
					"$(inherited)",
				);
				GCC_WARN_64_TO_32_BIT_CONVERSION = YES;
				GCC_WARN_ABOUT_RETURN_TYPE = YES_ERROR;
				GCC_WARN_UNDECLARED_SELECTOR = YES;
				GCC_WARN_UNINITIALIZED_AUTOS = YES_AGGRESSIVE;
				GCC_WARN_UNUSED_FUNCTION = YES;
				GCC_WARN_UNUSED_VARIABLE = YES;
				IPHONEOS_DEPLOYMENT_TARGET = 10.3;
				MTL_ENABLE_DEBUG_INFO = YES;
				ONLY_ACTIVE_ARCH = YES;
				SDKROOT = iphoneos;
				SWIFT_ACTIVE_COMPILATION_CONDITIONS = DEBUG;
				SWIFT_OPTIMIZATION_LEVEL = "-Onone";
				TARGETED_DEVICE_FAMILY = "1,2";
			};
			name = Debug;
		};
		09261F871EC0B1F5008B40F0 /* Release */ = {
			isa = XCBuildConfiguration;
			buildSettings = {
				ALWAYS_SEARCH_USER_PATHS = NO;
				CLANG_ANALYZER_NONNULL = YES;
				CLANG_ANALYZER_NUMBER_OBJECT_CONVERSION = YES_AGGRESSIVE;
				CLANG_CXX_LANGUAGE_STANDARD = "gnu++0x";
				CLANG_CXX_LIBRARY = "libc++";
				CLANG_ENABLE_MODULES = YES;
				CLANG_ENABLE_OBJC_ARC = YES;
				CLANG_WARN_BOOL_CONVERSION = YES;
				CLANG_WARN_CONSTANT_CONVERSION = YES;
				CLANG_WARN_DIRECT_OBJC_ISA_USAGE = YES_ERROR;
				CLANG_WARN_DOCUMENTATION_COMMENTS = YES;
				CLANG_WARN_EMPTY_BODY = YES;
				CLANG_WARN_ENUM_CONVERSION = YES;
				CLANG_WARN_INFINITE_RECURSION = YES;
				CLANG_WARN_INT_CONVERSION = YES;
				CLANG_WARN_OBJC_ROOT_CLASS = YES_ERROR;
				CLANG_WARN_SUSPICIOUS_MOVE = YES;
				CLANG_WARN_UNREACHABLE_CODE = YES;
				CLANG_WARN__DUPLICATE_METHOD_MATCH = YES;
				"CODE_SIGN_IDENTITY[sdk=iphoneos*]" = "iPhone Developer";
				COPY_PHASE_STRIP = NO;
				DEBUG_INFORMATION_FORMAT = "dwarf-with-dsym";
				ENABLE_NS_ASSERTIONS = NO;
				ENABLE_STRICT_OBJC_MSGSEND = YES;
				GCC_C_LANGUAGE_STANDARD = gnu99;
				GCC_NO_COMMON_BLOCKS = YES;
				GCC_WARN_64_TO_32_BIT_CONVERSION = YES;
				GCC_WARN_ABOUT_RETURN_TYPE = YES_ERROR;
				GCC_WARN_UNDECLARED_SELECTOR = YES;
				GCC_WARN_UNINITIALIZED_AUTOS = YES_AGGRESSIVE;
				GCC_WARN_UNUSED_FUNCTION = YES;
				GCC_WARN_UNUSED_VARIABLE = YES;
				IPHONEOS_DEPLOYMENT_TARGET = 10.3;
				MTL_ENABLE_DEBUG_INFO = NO;
				SDKROOT = iphoneos;
				SWIFT_OPTIMIZATION_LEVEL = "-Owholemodule";
				TARGETED_DEVICE_FAMILY = "1,2";
				VALIDATE_PRODUCT = YES;
			};
			name = Release;
		};
		09261F891EC0B1F5008B40F0 /* Debug */ = {
			isa = XCBuildConfiguration;
			buildSettings = {
				ASSETCATALOG_COMPILER_APPICON_NAME = AppIcon;
				DEVELOPMENT_TEAM = X5KPFJE44G;
				INFOPLIST_FILE = SwiftyKnob/Info.plist;
				LD_RUNPATH_SEARCH_PATHS = "$(inherited) @executable_path/Frameworks";
				PRODUCT_BUNDLE_IDENTIFIER = com.technoreply.SwiftyKnob;
				PRODUCT_NAME = "$(TARGET_NAME)";
				SWIFT_VERSION = 3.0;
			};
			name = Debug;
		};
		09261F8A1EC0B1F5008B40F0 /* Release */ = {
			isa = XCBuildConfiguration;
			buildSettings = {
				ASSETCATALOG_COMPILER_APPICON_NAME = AppIcon;
				DEVELOPMENT_TEAM = X5KPFJE44G;
				INFOPLIST_FILE = SwiftyKnob/Info.plist;
				LD_RUNPATH_SEARCH_PATHS = "$(inherited) @executable_path/Frameworks";
				PRODUCT_BUNDLE_IDENTIFIER = com.technoreply.SwiftyKnob;
				PRODUCT_NAME = "$(TARGET_NAME)";
				SWIFT_VERSION = 3.0;
			};
			name = Release;
		};
		09261F8C1EC0B1F5008B40F0 /* Debug */ = {
			isa = XCBuildConfiguration;
			buildSettings = {
				ALWAYS_EMBED_SWIFT_STANDARD_LIBRARIES = YES;
				BUNDLE_LOADER = "$(TEST_HOST)";
				DEVELOPMENT_TEAM = X5KPFJE44G;
				INFOPLIST_FILE = SwiftyKnobTests/Info.plist;
				LD_RUNPATH_SEARCH_PATHS = "$(inherited) @executable_path/Frameworks @loader_path/Frameworks";
				PRODUCT_BUNDLE_IDENTIFIER = com.technoreply.SwiftyKnobTests;
				PRODUCT_NAME = "$(TARGET_NAME)";
				SWIFT_VERSION = 3.0;
				TEST_HOST = "$(BUILT_PRODUCTS_DIR)/SwiftyKnob.app/SwiftyKnob";
			};
			name = Debug;
		};
		09261F8D1EC0B1F5008B40F0 /* Release */ = {
			isa = XCBuildConfiguration;
			buildSettings = {
				ALWAYS_EMBED_SWIFT_STANDARD_LIBRARIES = YES;
				BUNDLE_LOADER = "$(TEST_HOST)";
				DEVELOPMENT_TEAM = X5KPFJE44G;
				INFOPLIST_FILE = SwiftyKnobTests/Info.plist;
				LD_RUNPATH_SEARCH_PATHS = "$(inherited) @executable_path/Frameworks @loader_path/Frameworks";
				PRODUCT_BUNDLE_IDENTIFIER = com.technoreply.SwiftyKnobTests;
				PRODUCT_NAME = "$(TARGET_NAME)";
				SWIFT_VERSION = 3.0;
				TEST_HOST = "$(BUILT_PRODUCTS_DIR)/SwiftyKnob.app/SwiftyKnob";
			};
			name = Release;
		};
/* End XCBuildConfiguration section */

/* Begin XCConfigurationList section */
		09261F661EC0B1F5008B40F0 /* Build configuration list for PBXProject "SwiftyKnob" */ = {
			isa = XCConfigurationList;
			buildConfigurations = (
				09261F861EC0B1F5008B40F0 /* Debug */,
				09261F871EC0B1F5008B40F0 /* Release */,
			);
			defaultConfigurationIsVisible = 0;
			defaultConfigurationName = Release;
		};
		09261F881EC0B1F5008B40F0 /* Build configuration list for PBXNativeTarget "SwiftyKnob" */ = {
			isa = XCConfigurationList;
			buildConfigurations = (
				09261F891EC0B1F5008B40F0 /* Debug */,
				09261F8A1EC0B1F5008B40F0 /* Release */,
			);
			defaultConfigurationIsVisible = 0;
		};
		09261F8B1EC0B1F5008B40F0 /* Build configuration list for PBXNativeTarget "SwiftyKnobTests" */ = {
			isa = XCConfigurationList;
			buildConfigurations = (
				09261F8C1EC0B1F5008B40F0 /* Debug */,
				09261F8D1EC0B1F5008B40F0 /* Release */,
			);
			defaultConfigurationIsVisible = 0;
		};
/* End XCConfigurationList section */
	};
	rootObject = 09261F631EC0B1F5008B40F0 /* Project object */;
}
